
Microsoft Visual Studio Solution File, Format Version 12.00
# Visual Studio Version 17
VisualStudioVersion = 17.1.32328.378
MinimumVisualStudioVersion = 10.0.40219.1
Project("{FAE04EC0-301F-11D3-BF4B-00C04F79EFBC}") = "gigachelick", "gigachelick\gigachelick.csproj", "{FA5F002C-F7A9-42F2-B432-92C480757608}"
EndProject
Global
	GlobalSection(SolutionConfigurationPlatforms) = preSolution
		Debug|Any CPU = Debug|Any CPU
		Release|Any CPU = Release|Any CPU
	EndGlobalSection
	GlobalSection(ProjectConfigurationPlatforms) = postSolution
		{FA5F002C-F7A9-42F2-B432-92C480757608}.Debug|Any CPU.ActiveCfg = Debug|Any CPU
		{FA5F002C-F7A9-42F2-B432-92C480757608}.Debug|Any CPU.Build.0 = Debug|Any CPU
		{FA5F002C-F7A9-42F2-B432-92C480757608}.Release|Any CPU.ActiveCfg = Release|Any CPU
		{FA5F002C-F7A9-42F2-B432-92C480757608}.Release|Any CPU.Build.0 = Release|Any CPU
	EndGlobalSection
	GlobalSection(SolutionProperties) = preSolution
		HideSolutionNode = FALSE
	EndGlobalSection
	GlobalSection(ExtensibilityGlobals) = postSolution
		SolutionGuid = {B817C7DC-66D1-44CD-983C-00521E0A8ED9}
	EndGlobalSection
EndGlobal
